{
  "name": "chord-charts",
  "version": "1.0.0",
  "lockfileVersion": 1,
  "requires": true,
  "dependencies": {
    "chord-mark": {
      "version": "0.10.0-beta.5",
      "resolved": "https://registry.npmjs.org/chord-mark/-/chord-mark-0.10.0-beta.5.tgz",
      "integrity": "sha512-bfYxFCjyufkL9kUQyhWNsDPfIOU7fvD0nnweB1qvV1tSy0yhd6j34pZ6WPCriTI+DcF5APeYMhNYuFVxM6M/dA==",
      "requires": {
        "chord-symbol": "^2.1.0",
        "core-js": "^3.18.3",
        "dompurify": "^2.3.3",
        "lodash": "^4.17.21"
      }
    },
    "chord-symbol": {
      "version": "2.1.0",
      "resolved": "https://registry.npmjs.org/chord-symbol/-/chord-symbol-2.1.0.tgz",
      "integrity": "sha512-0vUz0LNVNlXTlt4pht9Aw2H28+LIVZ7U7X3tXzFBf9xIbfExI0Y1D+Z7m1X63+Bp9Ne0bDzVBMrVD5cYpYq27g==",
      "requires": {
        "core-js": "^3.8.2",
        "lodash": "^4.17.20"
      }
    },
    "core-js": {
      "version": "3.20.1",
      "resolved": "https://registry.npmjs.org/core-js/-/core-js-3.20.1.tgz",
      "integrity": "sha512-btdpStYFQScnNVQ5slVcr858KP0YWYjV16eGJQw8Gg7CWtu/2qNvIM3qVRIR3n1pK2R9NNOrTevbvAYxajwEjg=="
    },
    "dompurify": {
      "version": "2.3.4",
      "resolved": "https://registry.npmjs.org/dompurify/-/dompurify-2.3.4.tgz",
      "integrity": "sha512-6BVcgOAVFXjI0JTjEvZy901Rghm+7fDQOrNIcxB4+gdhj6Kwp6T9VBhBY/AbagKHJocRkDYGd6wvI+p4/10xtQ=="
    },
    "lodash": {
      "version": "4.17.21",
      "resolved": "https://registry.npmjs.org/lodash/-/lodash-4.17.21.tgz",
      "integrity": "sha512-v2kDEe57lecTulaDIuNTPy3Ry4gLGJ6Z1O3vE1krgXZNrsQ+LFTGHVxVjcXPs17LhbZVGedAJv8XZ1tvj5FvSg=="
    }
  }
}
